
Microsoft Visual Studio Solution File, Format Version 12.00
# Visual Studio Version 17
VisualStudioVersion = 17.7.34024.191
MinimumVisualStudioVersion = 10.0.40219.1
Project("{FAE04EC0-301F-11D3-BF4B-00C04F79EFBC}") = "tarea1", "tarea1\tarea1.csproj", "{1878E764-25AF-4EE6-B7A6-35ACD66A21D1}"
EndProject
Global
	GlobalSection(SolutionConfigurationPlatforms) = preSolution
		Debug|Any CPU = Debug|Any CPU
		Release|Any CPU = Release|Any CPU
	EndGlobalSection
	GlobalSection(ProjectConfigurationPlatforms) = postSolution
		{1878E764-25AF-4EE6-B7A6-35ACD66A21D1}.Debug|Any CPU.ActiveCfg = Debug|Any CPU
		{1878E764-25AF-4EE6-B7A6-35ACD66A21D1}.Debug|Any CPU.Build.0 = Debug|Any CPU
		{1878E764-25AF-4EE6-B7A6-35ACD66A21D1}.Release|Any CPU.ActiveCfg = Release|Any CPU
		{1878E764-25AF-4EE6-B7A6-35ACD66A21D1}.Release|Any CPU.Build.0 = Release|Any CPU
	EndGlobalSection
	GlobalSection(SolutionProperties) = preSolution
		HideSolutionNode = FALSE
	EndGlobalSection
	GlobalSection(ExtensibilityGlobals) = postSolution
		SolutionGuid = {518C6BAC-2536-4F6C-86C0-C097C4042021}
	EndGlobalSection
EndGlobal
